
Microsoft Visual Studio Solution File, Format Version 12.00
# Visual Studio 2012
Project("{FAE04EC0-301F-11D3-BF4B-00C04F79EFBC}") = "13_events", "13_events\13_events.csproj", "{AE46AF2B-6500-4733-971E-AFF41E37C40A}"
EndProject
Global
	GlobalSection(SolutionConfigurationPlatforms) = preSolution
		Debug|x86 = Debug|x86
		Release|x86 = Release|x86
	EndGlobalSection
	GlobalSection(ProjectConfigurationPlatforms) = postSolution
		{AE46AF2B-6500-4733-971E-AFF41E37C40A}.Debug|x86.ActiveCfg = Debug|x86
		{AE46AF2B-6500-4733-971E-AFF41E37C40A}.Debug|x86.Build.0 = Debug|x86
		{AE46AF2B-6500-4733-971E-AFF41E37C40A}.Release|x86.ActiveCfg = Release|x86
		{AE46AF2B-6500-4733-971E-AFF41E37C40A}.Release|x86.Build.0 = Release|x86
	EndGlobalSection
EndGlobal
