
Microsoft Visual Studio Solution File, Format Version 12.00
# Visual Studio 2012
Project("{FAE04EC0-301F-11D3-BF4B-00C04F79EFBC}") = "08_Interface", "08_Interface\08_Interface.csproj", "{22F660AF-B29D-4DCE-A3D8-419CA6E384E8}"
EndProject
Global
	GlobalSection(SolutionConfigurationPlatforms) = preSolution
		Debug|x86 = Debug|x86
		Release|x86 = Release|x86
	EndGlobalSection
	GlobalSection(ProjectConfigurationPlatforms) = postSolution
		{22F660AF-B29D-4DCE-A3D8-419CA6E384E8}.Debug|x86.ActiveCfg = Debug|x86
		{22F660AF-B29D-4DCE-A3D8-419CA6E384E8}.Debug|x86.Build.0 = Debug|x86
		{22F660AF-B29D-4DCE-A3D8-419CA6E384E8}.Release|x86.ActiveCfg = Release|x86
		{22F660AF-B29D-4DCE-A3D8-419CA6E384E8}.Release|x86.Build.0 = Release|x86
	EndGlobalSection
EndGlobal
