
Microsoft Visual Studio Solution File, Format Version 11.00
# Visual Studio 2010
Project("{FAE04EC0-301F-11D3-BF4B-00C04F79EFBC}") = "02_continue_when_all", "02_continue_when_all\02_continue_when_all.csproj", "{74A3DB88-FD65-48D9-875D-39368FBA9201}"
EndProject
Global
	GlobalSection(SolutionConfigurationPlatforms) = preSolution
		Debug|x86 = Debug|x86
		Release|x86 = Release|x86
	EndGlobalSection
	GlobalSection(ProjectConfigurationPlatforms) = postSolution
		{74A3DB88-FD65-48D9-875D-39368FBA9201}.Debug|x86.ActiveCfg = Debug|x86
		{74A3DB88-FD65-48D9-875D-39368FBA9201}.Debug|x86.Build.0 = Debug|x86
		{74A3DB88-FD65-48D9-875D-39368FBA9201}.Release|x86.ActiveCfg = Release|x86
		{74A3DB88-FD65-48D9-875D-39368FBA9201}.Release|x86.Build.0 = Release|x86
	EndGlobalSection
EndGlobal
